
Microsoft Visual Studio Solution File, Format Version 12.00
# Visual Studio 15
VisualStudioVersion = 15.0.26430.15
MinimumVisualStudioVersion = 10.0.40219.1
Project("{FAE04EC0-301F-11D3-BF4B-00C04F79EFBC}") = "queue_Implementation", "queue_Implementation\queue_Implementation.csproj", "{24F2FC27-A634-45BE-B244-CA54E0FA5A78}"
EndProject
Project("{FAE04EC0-301F-11D3-BF4B-00C04F79EFBC}") = "Substring", "Substring\Substring.csproj", "{C6DAE638-E6BC-4E8A-A86B-AB4951F16B7F}"
EndProject
Project("{FAE04EC0-301F-11D3-BF4B-00C04F79EFBC}") = "Zeros_in_Factorial", "Zeros_in_Factorial\Zeros_in_Factorial.csproj", "{0D5E9C24-F207-411D-8532-DB04EE293880}"
EndProject
Project("{FAE04EC0-301F-11D3-BF4B-00C04F79EFBC}") = "Stack_Implementation", "Stack_Implementation\Stack_Implementation.csproj", "{EA397740-198E-4110-A798-823A7489729A}"
EndProject
Global
	GlobalSection(SolutionConfigurationPlatforms) = preSolution
		Debug|Any CPU = Debug|Any CPU
		Release|Any CPU = Release|Any CPU
	EndGlobalSection
	GlobalSection(ProjectConfigurationPlatforms) = postSolution
		{24F2FC27-A634-45BE-B244-CA54E0FA5A78}.Debug|Any CPU.ActiveCfg = Debug|Any CPU
		{24F2FC27-A634-45BE-B244-CA54E0FA5A78}.Debug|Any CPU.Build.0 = Debug|Any CPU
		{24F2FC27-A634-45BE-B244-CA54E0FA5A78}.Release|Any CPU.ActiveCfg = Release|Any CPU
		{24F2FC27-A634-45BE-B244-CA54E0FA5A78}.Release|Any CPU.Build.0 = Release|Any CPU
		{C6DAE638-E6BC-4E8A-A86B-AB4951F16B7F}.Debug|Any CPU.ActiveCfg = Debug|Any CPU
		{C6DAE638-E6BC-4E8A-A86B-AB4951F16B7F}.Debug|Any CPU.Build.0 = Debug|Any CPU
		{C6DAE638-E6BC-4E8A-A86B-AB4951F16B7F}.Release|Any CPU.ActiveCfg = Release|Any CPU
		{C6DAE638-E6BC-4E8A-A86B-AB4951F16B7F}.Release|Any CPU.Build.0 = Release|Any CPU
		{0D5E9C24-F207-411D-8532-DB04EE293880}.Debug|Any CPU.ActiveCfg = Debug|Any CPU
		{0D5E9C24-F207-411D-8532-DB04EE293880}.Debug|Any CPU.Build.0 = Debug|Any CPU
		{0D5E9C24-F207-411D-8532-DB04EE293880}.Release|Any CPU.ActiveCfg = Release|Any CPU
		{0D5E9C24-F207-411D-8532-DB04EE293880}.Release|Any CPU.Build.0 = Release|Any CPU
		{EA397740-198E-4110-A798-823A7489729A}.Debug|Any CPU.ActiveCfg = Debug|Any CPU
		{EA397740-198E-4110-A798-823A7489729A}.Debug|Any CPU.Build.0 = Debug|Any CPU
		{EA397740-198E-4110-A798-823A7489729A}.Release|Any CPU.ActiveCfg = Release|Any CPU
		{EA397740-198E-4110-A798-823A7489729A}.Release|Any CPU.Build.0 = Release|Any CPU
	EndGlobalSection
	GlobalSection(SolutionProperties) = preSolution
		HideSolutionNode = FALSE
	EndGlobalSection
EndGlobal
